
Microsoft Visual Studio Solution File, Format Version 12.00
# Visual Studio Version 16
VisualStudioVersion = 16.0.31624.102
MinimumVisualStudioVersion = 10.0.40219.1
Project("{FAE04EC0-301F-11D3-BF4B-00C04F79EFBC}") = "Azuretodo.Common", "Azuretodo.Common\Azuretodo.Common.csproj", "{180DAAEC-78BF-4029-B7EB-DBA38B70406C}"
EndProject
Project("{FAE04EC0-301F-11D3-BF4B-00C04F79EFBC}") = "Azuretodo.Functions", "Azuretodo.Functions\Azuretodo.Functions.csproj", "{60413A8D-E8F5-44CA-8FD1-A8CB42B159B0}"
EndProject
Project("{FAE04EC0-301F-11D3-BF4B-00C04F79EFBC}") = "Azuretodo.Test", "Azuretodo.Test\Azuretodo.Test.csproj", "{4ABE05AC-EB7B-4748-9D30-0AF659442752}"
EndProject
Global
	GlobalSection(SolutionConfigurationPlatforms) = preSolution
		Debug|Any CPU = Debug|Any CPU
		Release|Any CPU = Release|Any CPU
	EndGlobalSection
	GlobalSection(ProjectConfigurationPlatforms) = postSolution
		{180DAAEC-78BF-4029-B7EB-DBA38B70406C}.Debug|Any CPU.ActiveCfg = Debug|Any CPU
		{180DAAEC-78BF-4029-B7EB-DBA38B70406C}.Debug|Any CPU.Build.0 = Debug|Any CPU
		{180DAAEC-78BF-4029-B7EB-DBA38B70406C}.Release|Any CPU.ActiveCfg = Release|Any CPU
		{180DAAEC-78BF-4029-B7EB-DBA38B70406C}.Release|Any CPU.Build.0 = Release|Any CPU
		{60413A8D-E8F5-44CA-8FD1-A8CB42B159B0}.Debug|Any CPU.ActiveCfg = Debug|Any CPU
		{60413A8D-E8F5-44CA-8FD1-A8CB42B159B0}.Debug|Any CPU.Build.0 = Debug|Any CPU
		{60413A8D-E8F5-44CA-8FD1-A8CB42B159B0}.Release|Any CPU.ActiveCfg = Release|Any CPU
		{60413A8D-E8F5-44CA-8FD1-A8CB42B159B0}.Release|Any CPU.Build.0 = Release|Any CPU
		{4ABE05AC-EB7B-4748-9D30-0AF659442752}.Debug|Any CPU.ActiveCfg = Debug|Any CPU
		{4ABE05AC-EB7B-4748-9D30-0AF659442752}.Debug|Any CPU.Build.0 = Debug|Any CPU
		{4ABE05AC-EB7B-4748-9D30-0AF659442752}.Release|Any CPU.ActiveCfg = Release|Any CPU
		{4ABE05AC-EB7B-4748-9D30-0AF659442752}.Release|Any CPU.Build.0 = Release|Any CPU
	EndGlobalSection
	GlobalSection(SolutionProperties) = preSolution
		HideSolutionNode = FALSE
	EndGlobalSection
	GlobalSection(ExtensibilityGlobals) = postSolution
		SolutionGuid = {5DE06006-6D0C-428B-B623-82EE78EE7B7E}
	EndGlobalSection
EndGlobal
